// !$*UTF8*$!
{
	archiveVersion = 1;
	classes = {
	};
	objectVersion = 55;
	objects = {

/* Begin PBXBuildFile section */
		F1DFA3FB27BBBB270022138D /* Opdracht1App.swift in Sources */ = {isa = PBXBuildFile; fileRef = F1DFA3FA27BBBB270022138D /* Opdracht1App.swift */; };
		F1DFA3FD27BBBB270022138D /* ContentView.swift in Sources */ = {isa = PBXBuildFile; fileRef = F1DFA3FC27BBBB270022138D /* ContentView.swift */; };
		F1DFA3FF27BBBB290022138D /* Assets.xcassets in Resources */ = {isa = PBXBuildFile; fileRef = F1DFA3FE27BBBB290022138D /* Assets.xcassets */; };
		F1DFA40227BBBB290022138D /* Preview Assets.xcassets in Resources */ = {isa = PBXBuildFile; fileRef = F1DFA40127BBBB290022138D /* Preview Assets.xcassets */; };
		F1DFA40C27BBBB290022138D /* Opdracht1Tests.swift in Sources */ = {isa = PBXBuildFile; fileRef = F1DFA40B27BBBB290022138D /* Opdracht1Tests.swift */; };
		F1DFA41627BBBB2A0022138D /* Opdracht1UITests.swift in Sources */ = {isa = PBXBuildFile; fileRef = F1DFA41527BBBB2A0022138D /* Opdracht1UITests.swift */; };
		F1DFA41827BBBB2A0022138D /* Opdracht1UITestsLaunchTests.swift in Sources */ = {isa = PBXBuildFile; fileRef = F1DFA41727BBBB2A0022138D /* Opdracht1UITestsLaunchTests.swift */; };
/* End PBXBuildFile section */

/* Begin PBXContainerItemProxy section */
		F1DFA40827BBBB290022138D /* PBXContainerItemProxy */ = {
			isa = PBXContainerItemProxy;
			containerPortal = F1DFA3EF27BBBB270022138D /* Project object */;
			proxyType = 1;
			remoteGlobalIDString = F1DFA3F627BBBB270022138D;
			remoteInfo = Opdracht1;
		};
		F1DFA41227BBBB2A0022138D /* PBXContainerItemProxy */ = {
			isa = PBXContainerItemProxy;
			containerPortal = F1DFA3EF27BBBB270022138D /* Project object */;
			proxyType = 1;
			remoteGlobalIDString = F1DFA3F627BBBB270022138D;
			remoteInfo = Opdracht1;
		};
/* End PBXContainerItemProxy section */

/* Begin PBXFileReference section */
		F1DFA3F727BBBB270022138D /* Opdracht1.app */ = {isa = PBXFileReference; explicitFileType = wrapper.application; includeInIndex = 0; path = Opdracht1.app; sourceTree = BUILT_PRODUCTS_DIR; };
		F1DFA3FA27BBBB270022138D /* Opdracht1App.swift */ = {isa = PBXFileReference; lastKnownFileType = sourcecode.swift; path = Opdracht1App.swift; sourceTree = "<group>"; };
		F1DFA3FC27BBBB270022138D /* ContentView.swift */ = {isa = PBXFileReference; lastKnownFileType = sourcecode.swift; path = ContentView.swift; sourceTree = "<group>"; };
		F1DFA3FE27BBBB290022138D /* Assets.xcassets */ = {isa = PBXFileReference; lastKnownFileType = folder.assetcatalog; path = Assets.xcassets; sourceTree = "<group>"; };
		F1DFA40127BBBB290022138D /* Preview Assets.xcassets */ = {isa = PBXFileReference; lastKnownFileType = folder.assetcatalog; path = "Preview Assets.xcassets"; sourceTree = "<group>"; };
		F1DFA40727BBBB290022138D /* Opdracht1Tests.xctest */ = {isa = PBXFileReference; explicitFileType = wrapper.cfbundle; includeInIndex = 0; path = Opdracht1Tests.xctest; sourceTree = BUILT_PRODUCTS_DIR; };
		F1DFA40B27BBBB290022138D /* Opdracht1Tests.swift */ = {isa = PBXFileReference; lastKnownFileType = sourcecode.swift; path = Opdracht1Tests.swift; sourceTree = "<group>"; };
		F1DFA41127BBBB2A0022138D /* Opdracht1UITests.xctest */ = {isa = PBXFileReference; explicitFileType = wrapper.cfbundle; includeInIndex = 0; path = Opdracht1UITests.xctest; sourceTree = BUILT_PRODUCTS_DIR; };
		F1DFA41527BBBB2A0022138D /* Opdracht1UITests.swift */ = {isa = PBXFileReference; lastKnownFileType = sourcecode.swift; path = Opdracht1UITests.swift; sourceTree = "<group>"; };
		F1DFA41727BBBB2A0022138D /* Opdracht1UITestsLaunchTests.swift */ = {isa = PBXFileReference; lastKnownFileType = sourcecode.swift; path = Opdracht1UITestsLaunchTests.swift; sourceTree = "<group>"; };
/* End PBXFileReference section */

/* Begin PBXFrameworksBuildPhase section */
		F1DFA3F427BBBB270022138D /* Frameworks */ = {
			isa = PBXFrameworksBuildPhase;
			buildActionMask = 2147483647;
			files = (
			);
			runOnlyForDeploymentPostprocessing = 0;
		};
		F1DFA40427BBBB290022138D /* Frameworks */ = {
			isa = PBXFrameworksBuildPhase;
			buildActionMask = 2147483647;
			files = (
			);
			runOnlyForDeploymentPostprocessing = 0;
		};
		F1DFA40E27BBBB290022138D /* Frameworks */ = {
			isa = PBXFrameworksBuildPhase;
			buildActionMask = 2147483647;
			files = (
			);
			runOnlyForDeploymentPostprocessing = 0;
		};
/* End PBXFrameworksBuildPhase section */

/* Begin PBXGroup section */
		F1DFA3EE27BBBB270022138D = {
			isa = PBXGroup;
			children = (
				F1DFA3F927BBBB270022138D /* Opdracht1 */,
				F1DFA40A27BBBB290022138D /* Opdracht1Tests */,
				F1DFA41427BBBB2A0022138D /* Opdracht1UITests */,
				F1DFA3F827BBBB270022138D /* Products */,
			);
			sourceTree = "<group>";
		};
		F1DFA3F827BBBB270022138D /* Products */ = {
			isa = PBXGroup;
			children = (
				F1DFA3F727BBBB270022138D /* Opdracht1.app */,
				F1DFA40727BBBB290022138D /* Opdracht1Tests.xctest */,
				F1DFA41127BBBB2A0022138D /* Opdracht1UITests.xctest */,
			);
			name = Products;
			sourceTree = "<group>";
		};
		F1DFA3F927BBBB270022138D /* Opdracht1 */ = {
			isa = PBXGroup;
			children = (
				F1DFA3FA27BBBB270022138D /* Opdracht1App.swift */,
				F1DFA3FC27BBBB270022138D /* ContentView.swift */,
				F1DFA3FE27BBBB290022138D /* Assets.xcassets */,
				F1DFA40027BBBB290022138D /* Preview Content */,
			);
			path = Opdracht1;
			sourceTree = "<group>";
		};
		F1DFA40027BBBB290022138D /* Preview Content */ = {
			isa = PBXGroup;
			children = (
				F1DFA40127BBBB290022138D /* Preview Assets.xcassets */,
			);
			path = "Preview Content";
			sourceTree = "<group>";
		};
		F1DFA40A27BBBB290022138D /* Opdracht1Tests */ = {
			isa = PBXGroup;
			children = (
				F1DFA40B27BBBB290022138D /* Opdracht1Tests.swift */,
			);
			path = Opdracht1Tests;
			sourceTree = "<group>";
		};
		F1DFA41427BBBB2A0022138D /* Opdracht1UITests */ = {
			isa = PBXGroup;
			children = (
				F1DFA41527BBBB2A0022138D /* Opdracht1UITests.swift */,
				F1DFA41727BBBB2A0022138D /* Opdracht1UITestsLaunchTests.swift */,
			);
			path = Opdracht1UITests;
			sourceTree = "<group>";
		};
/* End PBXGroup section */

/* Begin PBXNativeTarget section */
		F1DFA3F627BBBB270022138D /* Opdracht1 */ = {
			isa = PBXNativeTarget;
			buildConfigurationList = F1DFA41B27BBBB2A0022138D /* Build configuration list for PBXNativeTarget "Opdracht1" */;
			buildPhases = (
				F1DFA3F327BBBB270022138D /* Sources */,
				F1DFA3F427BBBB270022138D /* Frameworks */,
				F1DFA3F527BBBB270022138D /* Resources */,
			);
			buildRules = (
			);
			dependencies = (
			);
			name = Opdracht1;
			productName = Opdracht1;
			productReference = F1DFA3F727BBBB270022138D /* Opdracht1.app */;
			productType = "com.apple.product-type.application";
		};
		F1DFA40627BBBB290022138D /* Opdracht1Tests */ = {
			isa = PBXNativeTarget;
			buildConfigurationList = F1DFA41E27BBBB2A0022138D /* Build configuration list for PBXNativeTarget "Opdracht1Tests" */;
			buildPhases = (
				F1DFA40327BBBB290022138D /* Sources */,
				F1DFA40427BBBB290022138D /* Frameworks */,
				F1DFA40527BBBB290022138D /* Resources */,
			);
			buildRules = (
			);
			dependencies = (
				F1DFA40927BBBB290022138D /* PBXTargetDependency */,
			);
			name = Opdracht1Tests;
			productName = Opdracht1Tests;
			productReference = F1DFA40727BBBB290022138D /* Opdracht1Tests.xctest */;
			productType = "com.apple.product-type.bundle.unit-test";
		};
		F1DFA41027BBBB290022138D /* Opdracht1UITests */ = {
			isa = PBXNativeTarget;
			buildConfigurationList = F1DFA42127BBBB2A0022138D /* Build configuration list for PBXNativeTarget "Opdracht1UITests" */;
			buildPhases = (
				F1DFA40D27BBBB290022138D /* Sources */,
				F1DFA40E27BBBB290022138D /* Frameworks */,
				F1DFA40F27BBBB290022138D /* Resources */,
			);
			buildRules = (
			);
			dependencies = (
				F1DFA41327BBBB2A0022138D /* PBXTargetDependency */,
			);
			name = Opdracht1UITests;
			productName = Opdracht1UITests;
			productReference = F1DFA41127BBBB2A0022138D /* Opdracht1UITests.xctest */;
			productType = "com.apple.product-type.bundle.ui-testing";
		};
/* End PBXNativeTarget section */

/* Begin PBXProject section */
		F1DFA3EF27BBBB270022138D /* Project object */ = {
			isa = PBXProject;
			attributes = {
				BuildIndependentTargetsInParallel = 1;
				LastSwiftUpdateCheck = 1310;
				LastUpgradeCheck = 1310;
				TargetAttributes = {
					F1DFA3F627BBBB270022138D = {
						CreatedOnToolsVersion = 13.1;
					};
					F1DFA40627BBBB290022138D = {
						CreatedOnToolsVersion = 13.1;
						TestTargetID = F1DFA3F627BBBB270022138D;
					};
					F1DFA41027BBBB290022138D = {
						CreatedOnToolsVersion = 13.1;
						TestTargetID = F1DFA3F627BBBB270022138D;
					};
				};
			};
			buildConfigurationList = F1DFA3F227BBBB270022138D /* Build configuration list for PBXProject "Opdracht1" */;
			compatibilityVersion = "Xcode 13.0";
			developmentRegion = en;
			hasScannedForEncodings = 0;
			knownRegions = (
				en,
				Base,
			);
			mainGroup = F1DFA3EE27BBBB270022138D;
			productRefGroup = F1DFA3F827BBBB270022138D /* Products */;
			projectDirPath = "";
			projectRoot = "";
			targets = (
				F1DFA3F627BBBB270022138D /* Opdracht1 */,
				F1DFA40627BBBB290022138D /* Opdracht1Tests */,
				F1DFA41027BBBB290022138D /* Opdracht1UITests */,
			);
		};
/* End PBXProject section */

/* Begin PBXResourcesBuildPhase section */
		F1DFA3F527BBBB270022138D /* Resources */ = {
			isa = PBXResourcesBuildPhase;
			buildActionMask = 2147483647;
			files = (
				F1DFA40227BBBB290022138D /* Preview Assets.xcassets in Resources */,
				F1DFA3FF27BBBB290022138D /* Assets.xcassets in Resources */,
			);
			runOnlyForDeploymentPostprocessing = 0;
		};
		F1DFA40527BBBB290022138D /* Resources */ = {
			isa = PBXResourcesBuildPhase;
			buildActionMask = 2147483647;
			files = (
			);
			runOnlyForDeploymentPostprocessing = 0;
		};
		F1DFA40F27BBBB290022138D /* Resources */ = {
			isa = PBXResourcesBuildPhase;
			buildActionMask = 2147483647;
			files = (
			);
			runOnlyForDeploymentPostprocessing = 0;
		};
/* End PBXResourcesBuildPhase section */

/* Begin PBXSourcesBuildPhase section */
		F1DFA3F327BBBB270022138D /* Sources */ = {
			isa = PBXSourcesBuildPhase;
			buildActionMask = 2147483647;
			files = (
				F1DFA3FD27BBBB270022138D /* ContentView.swift in Sources */,
				F1DFA3FB27BBBB270022138D /* Opdracht1App.swift in Sources */,
			);
			runOnlyForDeploymentPostprocessing = 0;
		};
		F1DFA40327BBBB290022138D /* Sources */ = {
			isa = PBXSourcesBuildPhase;
			buildActionMask = 2147483647;
			files = (
				F1DFA40C27BBBB290022138D /* Opdracht1Tests.swift in Sources */,
			);
			runOnlyForDeploymentPostprocessing = 0;
		};
		F1DFA40D27BBBB290022138D /* Sources */ = {
			isa = PBXSourcesBuildPhase;
			buildActionMask = 2147483647;
			files = (
				F1DFA41627BBBB2A0022138D /* Opdracht1UITests.swift in Sources */,
				F1DFA41827BBBB2A0022138D /* Opdracht1UITestsLaunchTests.swift in Sources */,
			);
			runOnlyForDeploymentPostprocessing = 0;
		};
/* End PBXSourcesBuildPhase section */

/* Begin PBXTargetDependency section */
		F1DFA40927BBBB290022138D /* PBXTargetDependency */ = {
			isa = PBXTargetDependency;
			target = F1DFA3F627BBBB270022138D /* Opdracht1 */;
			targetProxy = F1DFA40827BBBB290022138D /* PBXContainerItemProxy */;
		};
		F1DFA41327BBBB2A0022138D /* PBXTargetDependency */ = {
			isa = PBXTargetDependency;
			target = F1DFA3F627BBBB270022138D /* Opdracht1 */;
			targetProxy = F1DFA41227BBBB2A0022138D /* PBXContainerItemProxy */;
		};
/* End PBXTargetDependency section */

/* Begin XCBuildConfiguration section */
		F1DFA41927BBBB2A0022138D /* Debug */ = {
			isa = XCBuildConfiguration;
			buildSettings = {
				ALWAYS_SEARCH_USER_PATHS = NO;
				CLANG_ANALYZER_NONNULL = YES;
				CLANG_ANALYZER_NUMBER_OBJECT_CONVERSION = YES_AGGRESSIVE;
				CLANG_CXX_LANGUAGE_STANDARD = "gnu++17";
				CLANG_CXX_LIBRARY = "libc++";
				CLANG_ENABLE_MODULES = YES;
				CLANG_ENABLE_OBJC_ARC = YES;
				CLANG_ENABLE_OBJC_WEAK = YES;
				CLANG_WARN_BLOCK_CAPTURE_AUTORELEASING = YES;
				CLANG_WARN_BOOL_CONVERSION = YES;
				CLANG_WARN_COMMA = YES;
				CLANG_WARN_CONSTANT_CONVERSION = YES;
				CLANG_WARN_DEPRECATED_OBJC_IMPLEMENTATIONS = YES;
				CLANG_WARN_DIRECT_OBJC_ISA_USAGE = YES_ERROR;
				CLANG_WARN_DOCUMENTATION_COMMENTS = YES;
				CLANG_WARN_EMPTY_BODY = YES;
				CLANG_WARN_ENUM_CONVERSION = YES;
				CLANG_WARN_INFINITE_RECURSION = YES;
				CLANG_WARN_INT_CONVERSION = YES;
				CLANG_WARN_NON_LITERAL_NULL_CONVERSION = YES;
				CLANG_WARN_OBJC_IMPLICIT_RETAIN_SELF = YES;
				CLANG_WARN_OBJC_LITERAL_CONVERSION = YES;
				CLANG_WARN_OBJC_ROOT_CLASS = YES_ERROR;
				CLANG_WARN_QUOTED_INCLUDE_IN_FRAMEWORK_HEADER = YES;
				CLANG_WARN_RANGE_LOOP_ANALYSIS = YES;
				CLANG_WARN_STRICT_PROTOTYPES = YES;
				CLANG_WARN_SUSPICIOUS_MOVE = YES;
				CLANG_WARN_UNGUARDED_AVAILABILITY = YES_AGGRESSIVE;
				CLANG_WARN_UNREACHABLE_CODE = YES;
				CLANG_WARN__DUPLICATE_METHOD_MATCH = YES;
				COPY_PHASE_STRIP = NO;
				DEBUG_INFORMATION_FORMAT = dwarf;
				ENABLE_STRICT_OBJC_MSGSEND = YES;
				ENABLE_TESTABILITY = YES;
				GCC_C_LANGUAGE_STANDARD = gnu11;
				GCC_DYNAMIC_NO_PIC = NO;
				GCC_NO_COMMON_BLOCKS = YES;
				GCC_OPTIMIZATION_LEVEL = 0;
				GCC_PREPROCESSOR_DEFINITIONS = (
					"DEBUG=1",
					"$(inherited)",
				);
				GCC_WARN_64_TO_32_BIT_CONVERSION = YES;
				GCC_WARN_ABOUT_RETURN_TYPE = YES_ERROR;
				GCC_WARN_UNDECLARED_SELECTOR = YES;
				GCC_WARN_UNINITIALIZED_AUTOS = YES_AGGRESSIVE;
				GCC_WARN_UNUSED_FUNCTION = YES;
				GCC_WARN_UNUSED_VARIABLE = YES;
				IPHONEOS_DEPLOYMENT_TARGET = 15.0;
				MTL_ENABLE_DEBUG_INFO = INCLUDE_SOURCE;
				MTL_FAST_MATH = YES;
				ONLY_ACTIVE_ARCH = YES;
				SDKROOT = iphoneos;
				SWIFT_ACTIVE_COMPILATION_CONDITIONS = DEBUG;
				SWIFT_OPTIMIZATION_LEVEL = "-Onone";
			};
			name = Debug;
		};
		F1DFA41A27BBBB2A0022138D /* Release */ = {
			isa = XCBuildConfiguration;
			buildSettings = {
				ALWAYS_SEARCH_USER_PATHS = NO;
				CLANG_ANALYZER_NONNULL = YES;
				CLANG_ANALYZER_NUMBER_OBJECT_CONVERSION = YES_AGGRESSIVE;
				CLANG_CXX_LANGUAGE_STANDARD = "gnu++17";
				CLANG_CXX_LIBRARY = "libc++";
				CLANG_ENABLE_MODULES = YES;
				CLANG_ENABLE_OBJC_ARC = YES;
				CLANG_ENABLE_OBJC_WEAK = YES;
				CLANG_WARN_BLOCK_CAPTURE_AUTORELEASING = YES;
				CLANG_WARN_BOOL_CONVERSION = YES;
				CLANG_WARN_COMMA = YES;
				CLANG_WARN_CONSTANT_CONVERSION = YES;
				CLANG_WARN_DEPRECATED_OBJC_IMPLEMENTATIONS = YES;
				CLANG_WARN_DIRECT_OBJC_ISA_USAGE = YES_ERROR;
				CLANG_WARN_DOCUMENTATION_COMMENTS = YES;
				CLANG_WARN_EMPTY_BODY = YES;
				CLANG_WARN_ENUM_CONVERSION = YES;
				CLANG_WARN_INFINITE_RECURSION = YES;
				CLANG_WARN_INT_CONVERSION = YES;
				CLANG_WARN_NON_LITERAL_NULL_CONVERSION = YES;
				CLANG_WARN_OBJC_IMPLICIT_RETAIN_SELF = YES;
				CLANG_WARN_OBJC_LITERAL_CONVERSION = YES;
				CLANG_WARN_OBJC_ROOT_CLASS = YES_ERROR;
				CLANG_WARN_QUOTED_INCLUDE_IN_FRAMEWORK_HEADER = YES;
				CLANG_WARN_RANGE_LOOP_ANALYSIS = YES;
				CLANG_WARN_STRICT_PROTOTYPES = YES;
				CLANG_WARN_SUSPICIOUS_MOVE = YES;
				CLANG_WARN_UNGUARDED_AVAILABILITY = YES_AGGRESSIVE;
				CLANG_WARN_UNREACHABLE_CODE = YES;
				CLANG_WARN__DUPLICATE_METHOD_MATCH = YES;
				COPY_PHASE_STRIP = NO;
				DEBUG_INFORMATION_FORMAT = "dwarf-with-dsym";
				ENABLE_NS_ASSERTIONS = NO;
				ENABLE_STRICT_OBJC_MSGSEND = YES;
				GCC_C_LANGUAGE_STANDARD = gnu11;
				GCC_NO_COMMON_BLOCKS = YES;
				GCC_WARN_64_TO_32_BIT_CONVERSION = YES;
				GCC_WARN_ABOUT_RETURN_TYPE = YES_ERROR;
				GCC_WARN_UNDECLARED_SELECTOR = YES;
				GCC_WARN_UNINITIALIZED_AUTOS = YES_AGGRESSIVE;
				GCC_WARN_UNUSED_FUNCTION = YES;
				GCC_WARN_UNUSED_VARIABLE = YES;
				IPHONEOS_DEPLOYMENT_TARGET = 15.0;
				MTL_ENABLE_DEBUG_INFO = NO;
				MTL_FAST_MATH = YES;
				SDKROOT = iphoneos;
				SWIFT_COMPILATION_MODE = wholemodule;
				SWIFT_OPTIMIZATION_LEVEL = "-O";
				VALIDATE_PRODUCT = YES;
			};
			name = Release;
		};
		F1DFA41C27BBBB2A0022138D /* Debug */ = {
			isa = XCBuildConfiguration;
			buildSettings = {
				ASSETCATALOG_COMPILER_APPICON_NAME = AppIcon;
				ASSETCATALOG_COMPILER_GLOBAL_ACCENT_COLOR_NAME = AccentColor;
				CODE_SIGN_STYLE = Automatic;
				CURRENT_PROJECT_VERSION = 1;
				DEVELOPMENT_ASSET_PATHS = "\"Opdracht1/Preview Content\"";
				ENABLE_PREVIEWS = YES;
				GENERATE_INFOPLIST_FILE = YES;
				INFOPLIST_KEY_UIApplicationSceneManifest_Generation = YES;
				INFOPLIST_KEY_UIApplicationSupportsIndirectInputEvents = YES;
				INFOPLIST_KEY_UILaunchScreen_Generation = YES;
				INFOPLIST_KEY_UISupportedInterfaceOrientations_iPad = "UIInterfaceOrientationPortrait UIInterfaceOrientationPortraitUpsideDown UIInterfaceOrientationLandscapeLeft UIInterfaceOrientationLandscapeRight";
				INFOPLIST_KEY_UISupportedInterfaceOrientations_iPhone = "UIInterfaceOrientationPortrait UIInterfaceOrientationLandscapeLeft UIInterfaceOrientationLandscapeRight";
				LD_RUNPATH_SEARCH_PATHS = (
					"$(inherited)",
					"@executable_path/Frameworks",
				);
				MARKETING_VERSION = 1.0;
				PRODUCT_BUNDLE_IDENTIFIER = nl.avans.Opdracht1;
				PRODUCT_NAME = "$(TARGET_NAME)";
				SWIFT_EMIT_LOC_STRINGS = YES;
				SWIFT_VERSION = 5.0;
				TARGETED_DEVICE_FAMILY = "1,2";
			};
			name = Debug;
		};
		F1DFA41D27BBBB2A0022138D /* Release */ = {
			isa = XCBuildConfiguration;
			buildSettings = {
				ASSETCATALOG_COMPILER_APPICON_NAME = AppIcon;
				ASSETCATALOG_COMPILER_GLOBAL_ACCENT_COLOR_NAME = AccentColor;
				CODE_SIGN_STYLE = Automatic;
				CURRENT_PROJECT_VERSION = 1;
				DEVELOPMENT_ASSET_PATHS = "\"Opdracht1/Preview Content\"";
				ENABLE_PREVIEWS = YES;
				GENERATE_INFOPLIST_FILE = YES;
				INFOPLIST_KEY_UIApplicationSceneManifest_Generation = YES;
				INFOPLIST_KEY_UIApplicationSupportsIndirectInputEvents = YES;
				INFOPLIST_KEY_UILaunchScreen_Generation = YES;
				INFOPLIST_KEY_UISupportedInterfaceOrientations_iPad = "UIInterfaceOrientationPortrait UIInterfaceOrientationPortraitUpsideDown UIInterfaceOrientationLandscapeLeft UIInterfaceOrientationLandscapeRight";
				INFOPLIST_KEY_UISupportedInterfaceOrientations_iPhone = "UIInterfaceOrientationPortrait UIInterfaceOrientationLandscapeLeft UIInterfaceOrientationLandscapeRight";
				LD_RUNPATH_SEARCH_PATHS = (
					"$(inherited)",
					"@executable_path/Frameworks",
				);
				MARKETING_VERSION = 1.0;
				PRODUCT_BUNDLE_IDENTIFIER = nl.avans.Opdracht1;
				PRODUCT_NAME = "$(TARGET_NAME)";
				SWIFT_EMIT_LOC_STRINGS = YES;
				SWIFT_VERSION = 5.0;
				TARGETED_DEVICE_FAMILY = "1,2";
			};
			name = Release;
		};
		F1DFA41F27BBBB2A0022138D /* Debug */ = {
			isa = XCBuildConfiguration;
			buildSettings = {
				ALWAYS_EMBED_SWIFT_STANDARD_LIBRARIES = YES;
				BUNDLE_LOADER = "$(TEST_HOST)";
				CODE_SIGN_STYLE = Automatic;
				CURRENT_PROJECT_VERSION = 1;
				GENERATE_INFOPLIST_FILE = YES;
				IPHONEOS_DEPLOYMENT_TARGET = 15.0;
				LD_RUNPATH_SEARCH_PATHS = (
					"$(inherited)",
					"@executable_path/Frameworks",
					"@loader_path/Frameworks",
				);
				MARKETING_VERSION = 1.0;
				PRODUCT_BUNDLE_IDENTIFIER = nl.avans.Opdracht1Tests;
				PRODUCT_NAME = "$(TARGET_NAME)";
				SWIFT_EMIT_LOC_STRINGS = NO;
				SWIFT_VERSION = 5.0;
				TARGETED_DEVICE_FAMILY = "1,2";
				TEST_HOST = "$(BUILT_PRODUCTS_DIR)/Opdracht1.app/Opdracht1";
			};
			name = Debug;
		};
		F1DFA42027BBBB2A0022138D /* Release */ = {
			isa = XCBuildConfiguration;
			buildSettings = {
				ALWAYS_EMBED_SWIFT_STANDARD_LIBRARIES = YES;
				BUNDLE_LOADER = "$(TEST_HOST)";
				CODE_SIGN_STYLE = Automatic;
				CURRENT_PROJECT_VERSION = 1;
				GENERATE_INFOPLIST_FILE = YES;
				IPHONEOS_DEPLOYMENT_TARGET = 15.0;
				LD_RUNPATH_SEARCH_PATHS = (
					"$(inherited)",
					"@executable_path/Frameworks",
					"@loader_path/Frameworks",
				);
				MARKETING_VERSION = 1.0;
				PRODUCT_BUNDLE_IDENTIFIER = nl.avans.Opdracht1Tests;
				PRODUCT_NAME = "$(TARGET_NAME)";
				SWIFT_EMIT_LOC_STRINGS = NO;
				SWIFT_VERSION = 5.0;
				TARGETED_DEVICE_FAMILY = "1,2";
				TEST_HOST = "$(BUILT_PRODUCTS_DIR)/Opdracht1.app/Opdracht1";
			};
			name = Release;
		};
		F1DFA42227BBBB2A0022138D /* Debug */ = {
			isa = XCBuildConfiguration;
			buildSettings = {
				ALWAYS_EMBED_SWIFT_STANDARD_LIBRARIES = YES;
				CODE_SIGN_STYLE = Automatic;
				CURRENT_PROJECT_VERSION = 1;
				GENERATE_INFOPLIST_FILE = YES;
				LD_RUNPATH_SEARCH_PATHS = (
					"$(inherited)",
					"@executable_path/Frameworks",
					"@loader_path/Frameworks",
				);
				MARKETING_VERSION = 1.0;
				PRODUCT_BUNDLE_IDENTIFIER = nl.avans.Opdracht1UITests;
				PRODUCT_NAME = "$(TARGET_NAME)";
				SWIFT_EMIT_LOC_STRINGS = NO;
				SWIFT_VERSION = 5.0;
				TARGETED_DEVICE_FAMILY = "1,2";
				TEST_TARGET_NAME = Opdracht1;
			};
			name = Debug;
		};
		F1DFA42327BBBB2A0022138D /* Release */ = {
			isa = XCBuildConfiguration;
			buildSettings = {
				ALWAYS_EMBED_SWIFT_STANDARD_LIBRARIES = YES;
				CODE_SIGN_STYLE = Automatic;
				CURRENT_PROJECT_VERSION = 1;
				GENERATE_INFOPLIST_FILE = YES;
				LD_RUNPATH_SEARCH_PATHS = (
					"$(inherited)",
					"@executable_path/Frameworks",
					"@loader_path/Frameworks",
				);
				MARKETING_VERSION = 1.0;
				PRODUCT_BUNDLE_IDENTIFIER = nl.avans.Opdracht1UITests;
				PRODUCT_NAME = "$(TARGET_NAME)";
				SWIFT_EMIT_LOC_STRINGS = NO;
				SWIFT_VERSION = 5.0;
				TARGETED_DEVICE_FAMILY = "1,2";
				TEST_TARGET_NAME = Opdracht1;
			};
			name = Release;
		};
/* End XCBuildConfiguration section */

/* Begin XCConfigurationList section */
		F1DFA3F227BBBB270022138D /* Build configuration list for PBXProject "Opdracht1" */ = {
			isa = XCConfigurationList;
			buildConfigurations = (
				F1DFA41927BBBB2A0022138D /* Debug */,
				F1DFA41A27BBBB2A0022138D /* Release */,
			);
			defaultConfigurationIsVisible = 0;
			defaultConfigurationName = Release;
		};
		F1DFA41B27BBBB2A0022138D /* Build configuration list for PBXNativeTarget "Opdracht1" */ = {
			isa = XCConfigurationList;
			buildConfigurations = (
				F1DFA41C27BBBB2A0022138D /* Debug */,
				F1DFA41D27BBBB2A0022138D /* Release */,
			);
			defaultConfigurationIsVisible = 0;
			defaultConfigurationName = Release;
		};
		F1DFA41E27BBBB2A0022138D /* Build configuration list for PBXNativeTarget "Opdracht1Tests" */ = {
			isa = XCConfigurationList;
			buildConfigurations = (
				F1DFA41F27BBBB2A0022138D /* Debug */,
				F1DFA42027BBBB2A0022138D /* Release */,
			);
			defaultConfigurationIsVisible = 0;
			defaultConfigurationName = Release;
		};
		F1DFA42127BBBB2A0022138D /* Build configuration list for PBXNativeTarget "Opdracht1UITests" */ = {
			isa = XCConfigurationList;
			buildConfigurations = (
				F1DFA42227BBBB2A0022138D /* Debug */,
				F1DFA42327BBBB2A0022138D /* Release */,
			);
			defaultConfigurationIsVisible = 0;
			defaultConfigurationName = Release;
		};
/* End XCConfigurationList section */
	};
	rootObject = F1DFA3EF27BBBB270022138D /* Project object */;
}
